{
  "name": "job portal",
  "lockfileVersion": 3,
  "requires": true,
  "packages": {
    "": {
      "dependencies": {
        "k-convert": "^1.0.6",
        "moment": "^2.30.1"
      }
    },
    "node_modules/k-convert": {
      "version": "1.0.6",
      "resolved": "https://registry.npmjs.org/k-convert/-/k-convert-1.0.6.tgz",
      "integrity": "sha512-gsZfVs07CAEGGbS5Ur4slgDNhI8IAUgWnl4D77S72MGKg960KXCc6xDRcvM4jIuzTlR6lWW9u4qTtGfOeLK43A==",
      "license": "MIT"
    },
    "node_modules/moment": {
      "version": "2.30.1",
      "resolved": "https://registry.npmjs.org/moment/-/moment-2.30.1.tgz",
      "integrity": "sha512-uEmtNhbDOrWPFS+hdjFCBfy9f2YoyzRpwcl+DqpC6taX21FzsTLQVbMV/W7PzNSX6x/bhC1zA3c2UQ5NzH6how==",
      "license": "MIT",
      "engines": {
        "node": "*"
      }
    }
  }
}
